{
    "name": "CHAINED",
    "lockfileVersion": 3,
    "requires": true,
    "packages": {
        "": {
            "dependencies": {
                "@pdf-lib/fontkit": "^1.1.1",
                "pdf-lib": "^1.17.1"
            },
            "devDependencies": {
                "supabase": "^2.111.0"
            }
        },
        "node_modules/@ecies/ciphers": {
            "version": "0.2.6",
            "resolved": "https://registry.npmjs.org/@ecies/ciphers/-/ciphers-0.2.6.tgz",
            "integrity": "sha512-patgsRPKGkhhoBjETV4XxD0En4ui5fbX0hzayqI3M8tvNMGUoUvmyYAIWwlxBc1KX5cturfqByYdj5bYGRpN9g==",
            "dev": true,
            "license": "MIT",
            "engines": {
                "bun": ">=1",
                "deno": ">=2.7.10",
                "node": ">=16"
            },
            "peerDependencies": {
                "@noble/ciphers": "^1.0.0"
            }
        },
        "node_modules/@noble/ciphers": {
            "version": "1.3.0",
            "resolved": "https://registry.npmjs.org/@noble/ciphers/-/ciphers-1.3.0.tgz",
            "integrity": "sha512-2I0gnIVPtfnMw9ee9h1dJG7tp81+8Ob3OJb3Mv37rx5L40/b0i7djjCVvGOVqc9AEIQyvyu1i6ypKdFw8R8gQw==",
            "dev": true,
            "license": "MIT",
            "engines": {
                "node": "^14.21.3 || >=16"
            },
            "funding": {
                "url": "https://paulmillr.com/funding/"
            }
        },
        "node_modules/@noble/curves": {
            "version": "1.9.7",
            "resolved": "https://registry.npmjs.org/@noble/curves/-/curves-1.9.7.tgz",
            "integrity": "sha512-gbKGcRUYIjA3/zCCNaWDciTMFI0dCkvou3TL8Zmy5Nc7sJ47a0jtOeZoTaMxkuqRo9cRhjOdZJXegxYE5FN/xw==",
            "dev": true,
            "license": "MIT",
            "dependencies": {
                "@noble/hashes": "1.8.0"
            },
            "engines": {
                "node": "^14.21.3 || >=16"
            },
            "funding": {
                "url": "https://paulmillr.com/funding/"
            }
        },
        "node_modules/@noble/hashes": {
            "version": "1.8.0",
            "resolved": "https://registry.npmjs.org/@noble/hashes/-/hashes-1.8.0.tgz",
            "integrity": "sha512-jCs9ldd7NwzpgXDIf6P3+NrHh9/sD6CQdxHyjQI+h/6rDNo88ypBxxz45UDuZHz9r3tNz7N/VInSVoVdtXEI4A==",
            "dev": true,
            "license": "MIT",
            "engines": {
                "node": "^14.21.3 || >=16"
            },
            "funding": {
                "url": "https://paulmillr.com/funding/"
            }
        },
        "node_modules/@pdf-lib/fontkit": {
            "version": "1.1.1",
            "resolved": "https://registry.npmjs.org/@pdf-lib/fontkit/-/fontkit-1.1.1.tgz",
            "integrity": "sha512-KjMd7grNapIWS/Dm0gvfHEilSyAmeLvrEGVcqLGi0VYebuqqzTbgF29efCx7tvx+IEbG3zQciRSWl3GkUSvjZg==",
            "license": "MIT",
            "dependencies": {
                "pako": "^1.0.6"
            }
        },
        "node_modules/@pdf-lib/standard-fonts": {
            "version": "1.0.0",
            "resolved": "https://registry.npmjs.org/@pdf-lib/standard-fonts/-/standard-fonts-1.0.0.tgz",
            "integrity": "sha512-hU30BK9IUN/su0Mn9VdlVKsWBS6GyhVfqjwl1FjZN4TxP6cCw0jP2w7V3Hf5uX7M0AZJ16vey9yE0ny7Sa59ZA==",
            "license": "MIT",
            "dependencies": {
                "pako": "^1.0.6"
            }
        },
        "node_modules/@pdf-lib/upng": {
            "version": "1.0.1",
            "resolved": "https://registry.npmjs.org/@pdf-lib/upng/-/upng-1.0.1.tgz",
            "integrity": "sha512-dQK2FUMQtowVP00mtIksrlZhdFXQZPC+taih1q4CvPZ5vqdxR/LKBaFg0oAfzd1GlHZXXSPdQfzQnt+ViGvEIQ==",
            "license": "MIT",
            "dependencies": {
                "pako": "^1.0.10"
            }
        },
        "node_modules/@supabase/cli-darwin-arm64": {
            "version": "2.111.0",
            "resolved": "https://registry.npmjs.org/@supabase/cli-darwin-arm64/-/cli-darwin-arm64-2.111.0.tgz",
            "integrity": "sha512-H1ucZ+9Z37Ha7uqYrKHfAy1vXWMVsN4gNlKaOpjKUYoHwDEbueEHVIDA1/PBIUd4HX+usJfpq+R+gWqzM/FKqQ==",
            "cpu": [
                "arm64"
            ],
            "dev": true,
            "license": "MIT",
            "optional": true,
            "os": [
                "darwin"
            ]
        },
        "node_modules/@supabase/cli-darwin-x64": {
            "version": "2.111.0",
            "resolved": "https://registry.npmjs.org/@supabase/cli-darwin-x64/-/cli-darwin-x64-2.111.0.tgz",
            "integrity": "sha512-4iMYm/XaAZJ8YzdJ2HBRVc7i9SRIwE6VQrnSt968WTt83M1y6knC7UENCKjMtO+As4QeZkICpUk50CeathqxbA==",
            "cpu": [
                "x64"
            ],
            "dev": true,
            "license": "MIT",
            "optional": true,
            "os": [
                "darwin"
            ]
        },
        "node_modules/@supabase/cli-linux-arm64": {
            "version": "2.111.0",
            "resolved": "https://registry.npmjs.org/@supabase/cli-linux-arm64/-/cli-linux-arm64-2.111.0.tgz",
            "integrity": "sha512-2KSHITFMXe2u5yALupBWHGeQ1IY4C8GkcIWPWgNFdtAPo03pgs1hLWgL1eeqSh/a0wB/6rgUlM1fQR/hAgCyCA==",
            "cpu": [
                "arm64"
            ],
            "dev": true,
            "license": "MIT",
            "optional": true,
            "os": [
                "linux"
            ]
        },
        "node_modules/@supabase/cli-linux-arm64-musl": {
            "version": "2.111.0",
            "resolved": "https://registry.npmjs.org/@supabase/cli-linux-arm64-musl/-/cli-linux-arm64-musl-2.111.0.tgz",
            "integrity": "sha512-RnvbVlJ4TX/UIwLiglBVQ2eL4GAl9SfWZmM5LENXyIaohBcRZHDva5t2OyK+BPGBtngjVGpb3QyfLdvkt9yJcw==",
            "cpu": [
                "arm64"
            ],
            "dev": true,
            "license": "MIT",
            "optional": true,
            "os": [
                "linux"
            ]
        },
        "node_modules/@supabase/cli-linux-x64": {
            "version": "2.111.0",
            "resolved": "https://registry.npmjs.org/@supabase/cli-linux-x64/-/cli-linux-x64-2.111.0.tgz",
            "integrity": "sha512-NwwNhiZZT4WYEPDXAbgZL+l77z/hoJ+w5t+52WBN1VlmoxwDmf2NP+UERM8wuCGFe/tmBlUuFE1eJYZfab0/qA==",
            "cpu": [
                "x64"
            ],
            "dev": true,
            "license": "MIT",
            "optional": true,
            "os": [
                "linux"
            ]
        },
        "node_modules/@supabase/cli-linux-x64-musl": {
            "version": "2.111.0",
            "resolved": "https://registry.npmjs.org/@supabase/cli-linux-x64-musl/-/cli-linux-x64-musl-2.111.0.tgz",
            "integrity": "sha512-2QVpsy/3v+TzqE5GgTCPruoxTlF3d8QPGirjcnah8hP66nxXStB9yTvxmJq+LtO3gwMt1Kpm7is0roZVkV55Pw==",
            "cpu": [
                "x64"
            ],
            "dev": true,
            "license": "MIT",
            "optional": true,
            "os": [
                "linux"
            ]
        },
        "node_modules/@supabase/cli-windows-arm64": {
            "version": "2.111.0",
            "resolved": "https://registry.npmjs.org/@supabase/cli-windows-arm64/-/cli-windows-arm64-2.111.0.tgz",
            "integrity": "sha512-twawKY5xfU2dNOnZrKDmrudxRG/XIKcBxOb6X2lMGJU3N1Hd+8oWpI9TwM5Qv+eXehtlsKDmUvbitStXvJr/xQ==",
            "cpu": [
                "arm64"
            ],
            "dev": true,
            "license": "MIT",
            "optional": true,
            "os": [
                "win32"
            ]
        },
        "node_modules/@supabase/cli-windows-x64": {
            "version": "2.111.0",
            "resolved": "https://registry.npmjs.org/@supabase/cli-windows-x64/-/cli-windows-x64-2.111.0.tgz",
            "integrity": "sha512-1F+X5tAYxAGx93ZZoIQBnIQ2Q2NnplKqjpigAS/zpTsNaWAjNi7EnxmuQKaEoAdqOHKbLhegVVDiw1+us3ZVpA==",
            "cpu": [
                "x64"
            ],
            "dev": true,
            "license": "MIT",
            "optional": true,
            "os": [
                "win32"
            ]
        },
        "node_modules/eciesjs": {
            "version": "0.5.0",
            "resolved": "https://registry.npmjs.org/eciesjs/-/eciesjs-0.5.0.tgz",
            "integrity": "sha512-s0J9SEVYAEPg7J63GFMApLYzPH9VNIQIyC6s15JpnqVc0TqcKWdbgFlnAweEBRyMmko2dcs2sfC83Hj4J43tuA==",
            "dev": true,
            "license": "MIT",
            "dependencies": {
                "@ecies/ciphers": "^0.2.6",
                "@noble/ciphers": "^1.3.0",
                "@noble/curves": "^1.9.7",
                "@noble/hashes": "^1.8.0"
            },
            "engines": {
                "bun": ">=1",
                "deno": ">=2.7.10",
                "node": ">=16"
            }
        },
        "node_modules/jose": {
            "version": "6.2.7",
            "resolved": "https://registry.npmjs.org/jose/-/jose-6.2.7.tgz",
            "integrity": "sha512-hq1OB1bALKfydZNoViyg6hPVGV4i93ny9Op+n4zP5RSf7SCZEXa/TsG2O3IEr7+WlHRTPnpqDmHfMH6qXAD60w==",
            "dev": true,
            "license": "MIT",
            "funding": {
                "url": "https://github.com/sponsors/panva"
            }
        },
        "node_modules/pako": {
            "version": "1.0.11",
            "resolved": "https://registry.npmjs.org/pako/-/pako-1.0.11.tgz",
            "integrity": "sha512-4hLB8Py4zZce5s4yd9XzopqwVv/yGNhV1Bl8NTmCq1763HeK2+EwVTv+leGeL13Dnh2wfbqowVPXCIO0z4taYw==",
            "license": "(MIT AND Zlib)"
        },
        "node_modules/pdf-lib": {
            "version": "1.17.1",
            "resolved": "https://registry.npmjs.org/pdf-lib/-/pdf-lib-1.17.1.tgz",
            "integrity": "sha512-V/mpyJAoTsN4cnP31vc0wfNA1+p20evqqnap0KLoRUN0Yk/p3wN52DOEsL4oBFcLdb76hlpKPtzJIgo67j/XLw==",
            "license": "MIT",
            "dependencies": {
                "@pdf-lib/standard-fonts": "^1.0.0",
                "@pdf-lib/upng": "^1.0.1",
                "pako": "^1.0.11",
                "tslib": "^1.11.1"
            }
        },
        "node_modules/supabase": {
            "version": "2.111.0",
            "resolved": "https://registry.npmjs.org/supabase/-/supabase-2.111.0.tgz",
            "integrity": "sha512-0cjCRdYNV1h2XXa0wm04mdct7QuDU7sMul/NwETRJmN3+HCsdEu6u5n0oygL97fdf6sDrGmnAdBh8E4wsv1ayg==",
            "dev": true,
            "license": "MIT",
            "dependencies": {
                "eciesjs": "^0.5.0",
                "jose": "^6.2.3"
            },
            "bin": {
                "supabase": "dist/supabase.js"
            },
            "optionalDependencies": {
                "@supabase/cli-darwin-arm64": "2.111.0",
                "@supabase/cli-darwin-x64": "2.111.0",
                "@supabase/cli-linux-arm64": "2.111.0",
                "@supabase/cli-linux-arm64-musl": "2.111.0",
                "@supabase/cli-linux-x64": "2.111.0",
                "@supabase/cli-linux-x64-musl": "2.111.0",
                "@supabase/cli-windows-arm64": "2.111.0",
                "@supabase/cli-windows-x64": "2.111.0"
            }
        },
        "node_modules/tslib": {
            "version": "1.14.1",
            "resolved": "https://registry.npmjs.org/tslib/-/tslib-1.14.1.tgz",
            "integrity": "sha512-Xni35NKzjgMrwevysHTCArtLDpPvye8zV/0E4EyYn43P7/7qvQwPh9BGkHewbMulVntbigmcT7rdX3BNo9wRJg==",
            "license": "0BSD"
        }
    }
}
